
Microsoft Visual Studio Solution File, Format Version 12.00
# Visual Studio Version 16
VisualStudioVersion = 16.0.32413.511
MinimumVisualStudioVersion = 10.0.40219.1
Project("{FAE04EC0-301F-11D3-BF4B-00C04F79EFBC}") = "BlazorApp", "BlazorApp\BlazorApp.csproj", "{10C6D630-72D9-4781-96A6-330E2C46658D}"
EndProject
Global
	GlobalSection(SolutionConfigurationPlatforms) = preSolution
		Debug|Any CPU = Debug|Any CPU
		Release|Any CPU = Release|Any CPU
	EndGlobalSection
	GlobalSection(ProjectConfigurationPlatforms) = postSolution
		{10C6D630-72D9-4781-96A6-330E2C46658D}.Debug|Any CPU.ActiveCfg = Debug|Any CPU
		{10C6D630-72D9-4781-96A6-330E2C46658D}.Debug|Any CPU.Build.0 = Debug|Any CPU
		{10C6D630-72D9-4781-96A6-330E2C46658D}.Release|Any CPU.ActiveCfg = Release|Any CPU
		{10C6D630-72D9-4781-96A6-330E2C46658D}.Release|Any CPU.Build.0 = Release|Any CPU
	EndGlobalSection
	GlobalSection(SolutionProperties) = preSolution
		HideSolutionNode = FALSE
	EndGlobalSection
	GlobalSection(ExtensibilityGlobals) = postSolution
		SolutionGuid = {D9E53F38-FE9D-4BFD-9A93-997DC681A168}
	EndGlobalSection
EndGlobal
