
Microsoft Visual Studio Solution File, Format Version 12.00
# Visual Studio Version 16
VisualStudioVersion = 16.0.32413.511
MinimumVisualStudioVersion = 10.0.40219.1
Project("{FAE04EC0-301F-11D3-BF4B-00C04F79EFBC}") = "AspNetCoreWeb", "AspNetCoreWeb\AspNetCoreWeb.csproj", "{769833FA-82BE-4612-92F1-1332937260F9}"
EndProject
Global
	GlobalSection(SolutionConfigurationPlatforms) = preSolution
		Debug|Any CPU = Debug|Any CPU
		Release|Any CPU = Release|Any CPU
	EndGlobalSection
	GlobalSection(ProjectConfigurationPlatforms) = postSolution
		{769833FA-82BE-4612-92F1-1332937260F9}.Debug|Any CPU.ActiveCfg = Debug|Any CPU
		{769833FA-82BE-4612-92F1-1332937260F9}.Debug|Any CPU.Build.0 = Debug|Any CPU
		{769833FA-82BE-4612-92F1-1332937260F9}.Release|Any CPU.ActiveCfg = Release|Any CPU
		{769833FA-82BE-4612-92F1-1332937260F9}.Release|Any CPU.Build.0 = Release|Any CPU
	EndGlobalSection
	GlobalSection(SolutionProperties) = preSolution
		HideSolutionNode = FALSE
	EndGlobalSection
	GlobalSection(ExtensibilityGlobals) = postSolution
		SolutionGuid = {54296474-560D-4CE1-8E84-48364F3DF02D}
	EndGlobalSection
EndGlobal
